
Microsoft Visual Studio Solution File, Format Version 12.00
# Visual Studio Version 16
VisualStudioVersion = 16.0.32407.337
MinimumVisualStudioVersion = 10.0.40219.1
Project("{FAE04EC0-301F-11D3-BF4B-00C04F79EFBC}") = "SiakadSederhana", "SiakadSederhana\SiakadSederhana.csproj", "{1A22F3AE-436C-4569-9A47-197D79049FB8}"
EndProject
Global
	GlobalSection(SolutionConfigurationPlatforms) = preSolution
		Debug|Any CPU = Debug|Any CPU
		Release|Any CPU = Release|Any CPU
	EndGlobalSection
	GlobalSection(ProjectConfigurationPlatforms) = postSolution
		{1A22F3AE-436C-4569-9A47-197D79049FB8}.Debug|Any CPU.ActiveCfg = Debug|Any CPU
		{1A22F3AE-436C-4569-9A47-197D79049FB8}.Debug|Any CPU.Build.0 = Debug|Any CPU
		{1A22F3AE-436C-4569-9A47-197D79049FB8}.Release|Any CPU.ActiveCfg = Release|Any CPU
		{1A22F3AE-436C-4569-9A47-197D79049FB8}.Release|Any CPU.Build.0 = Release|Any CPU
	EndGlobalSection
	GlobalSection(SolutionProperties) = preSolution
		HideSolutionNode = FALSE
	EndGlobalSection
	GlobalSection(ExtensibilityGlobals) = postSolution
		SolutionGuid = {20A59B63-55B6-4A37-8982-1E1E9D6EAE08}
	EndGlobalSection
EndGlobal
